# This file is @generated by PDM.
# It is not intended for manual editing.

[metadata]
groups = ["default", "dev"]
strategy = ["inherit_metadata"]
lock_version = "4.5.0"
content_hash = "sha256:355dd6c2845ddf5df7b1667ed4a099c3b1acd297a62f8c6d9c98d514b8abd546"

[[metadata.targets]]
requires_python = "==3.14.*"

[[package]]
name = "bottle"
version = "0.13.4"
summary = "Fast and simple WSGI-framework for small web-applications."
groups = ["default"]
marker = "python_version == \"3.14\""
files = [
    {file = "bottle-0.13.4-py2.py3-none-any.whl", hash = "sha256:045684fbd2764eac9cdeb824861d1551d113e8b683d8d26e296898d3dd99a12e"},
    {file = "bottle-0.13.4.tar.gz", hash = "sha256:787e78327e12b227938de02248333d788cfe45987edca735f8f88e03472c3f47"},
]

[[package]]
name = "certifi"
version = "2026.6.17"
requires_python = ">=3.7"
summary = "Python package for providing Mozilla's CA Bundle."
groups = ["dev"]
marker = "python_version == \"3.14\""
files = [
    {file = "certifi-2026.6.17-py3-none-any.whl", hash = "sha256:2227dcbaafe0d2f59279d1762ddddc37783ed4354594f194ffc31d20f41fc3db"},
    {file = "certifi-2026.6.17.tar.gz", hash = "sha256:024c88eeec92ca068db80f02b8b07c9cef7b9fe261d1d535abfd5abd6f6af432"},
]

[[package]]
name = "cffi"
version = "2.0.0"
requires_python = ">=3.9"
summary = "Foreign Function Interface for Python calling C code."
groups = ["default"]
marker = "sys_platform == \"win32\" and python_version == \"3.14\""
dependencies = [
    "pycparser; implementation_name != \"PyPy\"",
]
files = [
    {file = "cffi-2.0.0-cp314-cp314-macosx_10_13_x86_64.whl", hash = "sha256:fc33c5141b55ed366cfaad382df24fe7dcbc686de5be719b207bb248e3053dc5"},
    {file = "cffi-2.0.0-cp314-cp314-macosx_11_0_arm64.whl", hash = "sha256:c654de545946e0db659b3400168c9ad31b5d29593291482c43e3564effbcee13"},
    {file = "cffi-2.0.0-cp314-cp314-manylinux2014_aarch64.manylinux_2_17_aarch64.whl", hash = "sha256:24b6f81f1983e6df8db3adc38562c83f7d4a0c36162885ec7f7b77c7dcbec97b"},
    {file = "cffi-2.0.0-cp314-cp314-manylinux2014_ppc64le.manylinux_2_17_ppc64le.whl", hash = "sha256:12873ca6cb9b0f0d3a0da705d6086fe911591737a59f28b7936bdfed27c0d47c"},
    {file = "cffi-2.0.0-cp314-cp314-manylinux2014_s390x.manylinux_2_17_s390x.whl", hash = "sha256:d9b97165e8aed9272a6bb17c01e3cc5871a594a446ebedc996e2397a1c1ea8ef"},
    {file = "cffi-2.0.0-cp314-cp314-manylinux2014_x86_64.manylinux_2_17_x86_64.whl", hash = "sha256:afb8db5439b81cf9c9d0c80404b60c3cc9c3add93e114dcae767f1477cb53775"},
    {file = "cffi-2.0.0-cp314-cp314-musllinux_1_2_aarch64.whl", hash = "sha256:737fe7d37e1a1bffe70bd5754ea763a62a066dc5913ca57e957824b72a85e205"},
    {file = "cffi-2.0.0-cp314-cp314-musllinux_1_2_x86_64.whl", hash = "sha256:38100abb9d1b1435bc4cc340bb4489635dc2f0da7456590877030c9b3d40b0c1"},
    {file = "cffi-2.0.0-cp314-cp314-win32.whl", hash = "sha256:087067fa8953339c723661eda6b54bc98c5625757ea62e95eb4898ad5e776e9f"},
    {file = "cffi-2.0.0-cp314-cp314-win_amd64.whl", hash = "sha256:203a48d1fb583fc7d78a4c6655692963b860a417c0528492a6bc21f1aaefab25"},
    {file = "cffi-2.0.0-cp314-cp314-win_arm64.whl", hash = "sha256:dbd5c7a25a7cb98f5ca55d258b103a2054f859a46ae11aaf23134f9cc0d356ad"},
    {file = "cffi-2.0.0-cp314-cp314t-macosx_10_13_x86_64.whl", hash = "sha256:9a67fc9e8eb39039280526379fb3a70023d77caec1852002b4da7e8b270c4dd9"},
    {file = "cffi-2.0.0-cp314-cp314t-macosx_11_0_arm64.whl", hash = "sha256:7a66c7204d8869299919db4d5069a82f1561581af12b11b3c9f48c584eb8743d"},
    {file = "cffi-2.0.0-cp314-cp314t-manylinux2014_aarch64.manylinux_2_17_aarch64.whl", hash = "sha256:7cc09976e8b56f8cebd752f7113ad07752461f48a58cbba644139015ac24954c"},
    {file = "cffi-2.0.0-cp314-cp314t-manylinux2014_ppc64le.manylinux_2_17_ppc64le.whl", hash = "sha256:92b68146a71df78564e4ef48af17551a5ddd142e5190cdf2c5624d0c3ff5b2e8"},
    {file = "cffi-2.0.0-cp314-cp314t-manylinux2014_s390x.manylinux_2_17_s390x.whl", hash = "sha256:b1e74d11748e7e98e2f426ab176d4ed720a64412b6a15054378afdb71e0f37dc"},
    {file = "cffi-2.0.0-cp314-cp314t-manylinux2014_x86_64.manylinux_2_17_x86_64.whl", hash = "sha256:28a3a209b96630bca57cce802da70c266eb08c6e97e5afd61a75611ee6c64592"},
    {file = "cffi-2.0.0-cp314-cp314t-musllinux_1_2_aarch64.whl", hash = "sha256:7553fb2090d71822f02c629afe6042c299edf91ba1bf94951165613553984512"},
    {file = "cffi-2.0.0-cp314-cp314t-musllinux_1_2_x86_64.whl", hash = "sha256:6c6c373cfc5c83a975506110d17457138c8c63016b563cc9ed6e056a82f13ce4"},
    {file = "cffi-2.0.0-cp314-cp314t-win32.whl", hash = "sha256:1fc9ea04857caf665289b7a75923f2c6ed559b8298a1b8c49e59f7dd95c8481e"},
    {file = "cffi-2.0.0-cp314-cp314t-win_amd64.whl", hash = "sha256:d68b6cef7827e8641e8ef16f4494edda8b36104d79773a334beaa1e3521430f6"},
    {file = "cffi-2.0.0-cp314-cp314t-win_arm64.whl", hash = "sha256:0a1527a803f0a659de1af2e1fd700213caba79377e27e4693648c2923da066f9"},
    {file = "cffi-2.0.0.tar.gz", hash = "sha256:44d1b5909021139fe36001ae048dbdde8214afa20200eda0f64c068cac5d5529"},
]

[[package]]
name = "charset-normalizer"
version = "3.4.9"
requires_python = ">=3.7"
summary = "The Real First Universal Charset Detector. Open, modern and actively maintained alternative to Chardet."
groups = ["dev"]
marker = "python_version == \"3.14\""
files = [
    {file = "charset_normalizer-3.4.9-cp314-cp314-macosx_10_15_universal2.whl", hash = "sha256:0327fcd59a935777d83410750c50600ee9571af2846f71ce40f25b13da1ef380"},
    {file = "charset_normalizer-3.4.9-cp314-cp314-manylinux2014_aarch64.manylinux_2_17_aarch64.manylinux_2_28_aarch64.whl", hash = "sha256:8a79d9f4d8001473a30c163556b3c3bfebec837495a412dde78b51672f6134f9"},
    {file = "charset_normalizer-3.4.9-cp314-cp314-manylinux2014_ppc64le.manylinux_2_17_ppc64le.manylinux_2_28_ppc64le.whl", hash = "sha256:33bdcc2a32c0a0e861f60841a512c8acc658c87c2ac59d89e3a46dacf7d866e4"},
    {file = "charset_normalizer-3.4.9-cp314-cp314-manylinux2014_s390x.manylinux_2_17_s390x.manylinux_2_28_s390x.whl", hash = "sha256:f840ed6d8ecba8255df8c42b87fadeda98ddfc6eeec05e2dc66e26d46dd6f58a"},
    {file = "charset_normalizer-3.4.9-cp314-cp314-manylinux2014_x86_64.manylinux_2_17_x86_64.manylinux_2_28_x86_64.whl", hash = "sha256:c25fe15c70c59eb7c5ce8c06a1f3fa1da0ecc5ea1e7a5922c40fd2fa9b0d5046"},
    {file = "charset_normalizer-3.4.9-cp314-cp314-manylinux_2_31_armv7l.whl", hash = "sha256:f7fb7d750cfa0a070d2c24e831fd3481019a60dd317ea2b39acbcebc08b6ed81"},
    {file = "charset_normalizer-3.4.9-cp314-cp314-manylinux_2_31_riscv64.manylinux_2_39_riscv64.whl", hash = "sha256:4d1c96a7a18b9690a4d46df09e3e3382406ae3213727cd1019ebade1c4a81917"},
    {file = "charset_normalizer-3.4.9-cp314-cp314-musllinux_1_2_aarch64.whl", hash = "sha256:a4cfde78a9f2880208d16a93b795726a3017d5977e08d1e162a7a31322479c41"},
    {file = "charset_normalizer-3.4.9-cp314-cp314-musllinux_1_2_armv7l.whl", hash = "sha256:d4d6fcde76f94f5cb9e43e9e9a61f16dacefd228cbbf6f1a09bd9b219a92f1a1"},
    {file = "charset_normalizer-3.4.9-cp314-cp314-musllinux_1_2_x86_64.whl", hash = "sha256:898f0e9068ca27d37f8e83a5b962821df851532e6c4a7d615c1c033f9da6eedf"},
    {file = "charset_normalizer-3.4.9-cp314-cp314-win32.whl", hash = "sha256:c1c948747b03be832dceed96ca815cef7360de9aa19d37c730f8e3f6101aca48"},
    {file = "charset_normalizer-3.4.9-cp314-cp314-win_amd64.whl", hash = "sha256:16b65ea0f2465b6fb52aa22de5eca612aa964ddfec00a912e26f4656cbef890b"},
    {file = "charset_normalizer-3.4.9-cp314-cp314-win_arm64.whl", hash = "sha256:40a126142a56b2dfc0aacbad1de8310cbf60da7656db0e6b16eebd48e3e93519"},
    {file = "charset_normalizer-3.4.9-cp314-cp314t-macosx_10_15_universal2.whl", hash = "sha256:609b3ba8fcc0fb5ab7af00719d0fb6ad0cb518e48e7712d12fd68f1327951198"},
    {file = "charset_normalizer-3.4.9-cp314-cp314t-manylinux2014_aarch64.manylinux_2_17_aarch64.manylinux_2_28_aarch64.whl", hash = "sha256:51447e9aa2684679af07ca5021c3db526e0284347ebf4ffcec1154c3350cfe32"},
    {file = "charset_normalizer-3.4.9-cp314-cp314t-manylinux2014_ppc64le.manylinux_2_17_ppc64le.manylinux_2_28_ppc64le.whl", hash = "sha256:cc1b0fff8ead343dae06305f954eb8468ba0ec1a97881f42489d198e4ce3c632"},
    {file = "charset_normalizer-3.4.9-cp314-cp314t-manylinux2014_s390x.manylinux_2_17_s390x.manylinux_2_28_s390x.whl", hash = "sha256:fa36ec09ef71d158186bc79e359ff5fdd6e7996fe8ab638f00d6b93139ba4fcf"},
    {file = "charset_normalizer-3.4.9-cp314-cp314t-manylinux2014_x86_64.manylinux_2_17_x86_64.manylinux_2_28_x86_64.whl", hash = "sha256:df115d4d83168fdf2cae48ef1ff6d1cb4c466364e30861b37121de0f3bf1b990"},
    {file = "charset_normalizer-3.4.9-cp314-cp314t-manylinux_2_31_armv7l.whl", hash = "sha256:f86c6358749bd4fda175388691e3ba8c46e24c5347d0afd20f9b7edfc9faf07d"},
    {file = "charset_normalizer-3.4.9-cp314-cp314t-manylinux_2_31_riscv64.manylinux_2_39_riscv64.whl", hash = "sha256:32286a2c8d167e897177b673176c1e3e00d4057caf5d2b64eef9a3666b03018e"},
    {file = "charset_normalizer-3.4.9-cp314-cp314t-musllinux_1_2_aarch64.whl", hash = "sha256:83aed2c10721ddd90f68140685391b50811a880af20654c59af6b6c66c40513c"},
    {file = "charset_normalizer-3.4.9-cp314-cp314t-musllinux_1_2_armv7l.whl", hash = "sha256:cd6c3d4b783c556fa00bf540854e42f135e2f256abd29669fcd0da0f2dec79c2"},
    {file = "charset_normalizer-3.4.9-cp314-cp314t-musllinux_1_2_x86_64.whl", hash = "sha256:ee2f2a527e3c1a6e6411eb4209642e138b544a2d72fe5d0d76daf77b24063534"},
    {file = "charset_normalizer-3.4.9-cp314-cp314t-win32.whl", hash = "sha256:0d861473f743244d349b50f850d10eb87aeb22bbdcc8e64f79273c94af5a8226"},
    {file = "charset_normalizer-3.4.9-cp314-cp314t-win_amd64.whl", hash = "sha256:9b8e0f3107e2200b76f6054de99016eac3ee6762713587b36baaa7e4bd2ae177"},
    {file = "charset_normalizer-3.4.9-cp314-cp314t-win_arm64.whl", hash = "sha256:19ac87f93086ce37b86e098888555c4b4bc48102279bae3350098c0ed664b501"},
    {file = "charset_normalizer-3.4.9-py3-none-any.whl", hash = "sha256:68e5f26a1ad57ded6d1cfb85331d1c1a195314756471d97758c48498bb4dcdf5"},
    {file = "charset_normalizer-3.4.9.tar.gz", hash = "sha256:673611bbd43f0810bec0b0f028ddeaaa501190339cac411f347ac76917c3ae7b"},
]

[[package]]
name = "clr-loader"
version = "0.3.1"
requires_python = ">=3.10"
summary = "Generic pure Python loader for .NET runtimes"
groups = ["default"]
marker = "sys_platform == \"win32\" and python_version == \"3.14\""
dependencies = [
    "cffi>=1.17",
]
files = [
    {file = "clr_loader-0.3.1-py3-none-any.whl", hash = "sha256:cbad189de20d202a7d621956b0fc38049e13c9bf7ca2923441eff725cd121aa1"},
    {file = "clr_loader-0.3.1.tar.gz", hash = "sha256:2e073e9aaf49d1ae2f56ecba27987ad5fb68be4bcd9dd34a5bed8f0e4e128366"},
]

[[package]]
name = "colorama"
version = "0.4.6"
requires_python = "!=3.0.*,!=3.1.*,!=3.2.*,!=3.3.*,!=3.4.*,!=3.5.*,!=3.6.*,>=2.7"
summary = "Cross-platform colored terminal text."
groups = ["dev"]
marker = "sys_platform == \"win32\" and python_version == \"3.14\""
files = [
    {file = "colorama-0.4.6-py2.py3-none-any.whl", hash = "sha256:4f1d9991f5acc0ca119f9d443620b77f9d6b33703e51011c16baf57afb285fc6"},
    {file = "colorama-0.4.6.tar.gz", hash = "sha256:08695f5cb7ed6e0531a20572697297273c47b8cae5a63ffc6d6ed5c201be6e44"},
]

[[package]]
name = "greenlet"
version = "3.5.3"
requires_python = ">=3.10"
summary = "Lightweight in-process concurrent programming"
groups = ["dev"]
marker = "python_version == \"3.14\""
files = [
    {file = "greenlet-3.5.3-cp314-cp314-macosx_11_0_universal2.whl", hash = "sha256:fd2e02fa07485778536a036222d616ab957b1d533f36b3ed98ce725d9c9d3117"},
    {file = "greenlet-3.5.3-cp314-cp314-manylinux_2_24_aarch64.manylinux_2_28_aarch64.whl", hash = "sha256:df0a0628d1597eb0897b62f55d1343f772405fd25f3b2a796c76874b0c2e22e8"},
    {file = "greenlet-3.5.3-cp314-cp314-manylinux_2_24_ppc64le.manylinux_2_28_ppc64le.whl", hash = "sha256:ebd933a6adabc298bab47731a130fe6bfb888bd934eee37810f151159544540d"},
    {file = "greenlet-3.5.3-cp314-cp314-manylinux_2_24_s390x.manylinux_2_28_s390x.whl", hash = "sha256:8d19fe6c39ebff9259f07bcc685d3290f8fa4ea2278e51dd0008e4d6b0f2d814"},
    {file = "greenlet-3.5.3-cp314-cp314-manylinux_2_24_x86_64.manylinux_2_28_x86_64.whl", hash = "sha256:4b9d501b40e80b70e32323c799dd9b420a5577a9601469d362ae1ffb690f3a7c"},
    {file = "greenlet-3.5.3-cp314-cp314-manylinux_2_39_riscv64.whl", hash = "sha256:962c5df2db8cb446da51edf1ca5296c389d93b99c9d8aa2ee4c7d0d8f1218260"},
    {file = "greenlet-3.5.3-cp314-cp314-musllinux_1_2_aarch64.whl", hash = "sha256:a1fad1d11e7d6aab184107baa8e4ece11ccba3ec9599cd7efa5ff4d70d43256a"},
    {file = "greenlet-3.5.3-cp314-cp314-musllinux_1_2_x86_64.whl", hash = "sha256:fad5aec764399f1b5cc347ad250a59660f20c8f8888ea6bae1f93b769cce1154"},
    {file = "greenlet-3.5.3-cp314-cp314-win_amd64.whl", hash = "sha256:7669aa24cf2a1041d6f7899575b494a3ab4cf68bfcc8609b1dc0be7272db835e"},
    {file = "greenlet-3.5.3-cp314-cp314-win_arm64.whl", hash = "sha256:5b4807c4082c9d1b6d9eed56fcd041863e37f2228106eef24c30ca096e238605"},
    {file = "greenlet-3.5.3-cp314-cp314t-macosx_11_0_universal2.whl", hash = "sha256:271a8ea7c1024e8a0d7dd2be66dd66dda8a07193f41a17b9e924f7600f5b62be"},
    {file = "greenlet-3.5.3-cp314-cp314t-manylinux_2_24_aarch64.manylinux_2_28_aarch64.whl", hash = "sha256:19131729ae0ddc3c2e1ef85e650169b5e37ee32e400f215f78b94d7b0d567310"},
    {file = "greenlet-3.5.3-cp314-cp314t-manylinux_2_24_ppc64le.manylinux_2_28_ppc64le.whl", hash = "sha256:1540dd8e5fc2a5aec40fbb98ef8e149fa47c89a4b4a1cf2575a14d3d1869d7a8"},
    {file = "greenlet-3.5.3-cp314-cp314t-manylinux_2_24_s390x.manylinux_2_28_s390x.whl", hash = "sha256:b897d97759425953f69a9c0fac67f8fe333ec0ce7377ef186fb2b0c3ad5e354d"},
    {file = "greenlet-3.5.3-cp314-cp314t-manylinux_2_24_x86_64.manylinux_2_28_x86_64.whl", hash = "sha256:e81fa194a1d20967877bdf9c7794db2bc99063e5be36aee710c08f04c5bb087f"},
    {file = "greenlet-3.5.3-cp314-cp314t-manylinux_2_39_riscv64.whl", hash = "sha256:3236754d423955ea08e9bb5f6c04a7895f9e22c290b66aa7653fcb922d839eb0"},
    {file = "greenlet-3.5.3-cp314-cp314t-musllinux_1_2_aarch64.whl", hash = "sha256:55cf4d777485d43110e47133cbba6d74a8885a87ec1227ef0267f9ee80c5aa21"},
    {file = "greenlet-3.5.3-cp314-cp314t-musllinux_1_2_x86_64.whl", hash = "sha256:12a248ba75f6a9a236375f52296c498c89ff1d8badf32deb9eca7abd5853f7da"},
    {file = "greenlet-3.5.3-cp314-cp314t-win_amd64.whl", hash = "sha256:efc6bd60ea02e085862c74a3ef64b147ffc6f1a5ea7d9f26e7a939943f68c1e3"},
    {file = "greenlet-3.5.3.tar.gz", hash = "sha256:a61efc018fd3eb317eeca31aba90ee9e7f26f22884a79b6c6ec715bf71bb62f1"},
]

[[package]]
name = "idna"
version = "3.18"
requires_python = ">=3.9"
summary = "Internationalized Domain Names in Applications (IDNA)"
groups = ["dev"]
marker = "python_version == \"3.14\""
files = [
    {file = "idna-3.18-py3-none-any.whl", hash = "sha256:7f952cbe720b688055e3f87de14f5c3e5fdaa8bc3928985c4077ca689de849a2"},
    {file = "idna-3.18.tar.gz", hash = "sha256:ffb385a7e039654cef1ab9ef32c6fafe283c0c0467bba1d9029738ce4a14a848"},
]

[[package]]
name = "iniconfig"
version = "2.3.0"
requires_python = ">=3.10"
summary = "brain-dead simple config-ini parsing"
groups = ["dev"]
marker = "python_version == \"3.14\""
files = [
    {file = "iniconfig-2.3.0-py3-none-any.whl", hash = "sha256:f631c04d2c48c52b84d0d0549c99ff3859c98df65b3101406327ecc7d53fbf12"},
    {file = "iniconfig-2.3.0.tar.gz", hash = "sha256:c76315c77db068650d49c5b56314774a7804df16fee4402c1f19d6d15d8c4730"},
]

[[package]]
name = "packaging"
version = "26.2"
requires_python = ">=3.8"
summary = "Core utilities for Python packages"
groups = ["default", "dev"]
marker = "python_version == \"3.14\""
files = [
    {file = "packaging-26.2-py3-none-any.whl", hash = "sha256:5fc45236b9446107ff2415ce77c807cee2862cb6fac22b8a73826d0693b0980e"},
    {file = "packaging-26.2.tar.gz", hash = "sha256:ff452ff5a3e828ce110190feff1178bb1f2ea2281fa2075aadb987c2fb221661"},
]

[[package]]
name = "playwright"
version = "1.61.0"
requires_python = ">=3.10"
summary = "A high-level API to automate web browsers"
groups = ["dev"]
marker = "python_version == \"3.14\""
dependencies = [
    "greenlet<4.0.0,>=3.1.1",
    "pyee<14,>=13",
]
files = [
    {file = "playwright-1.61.0-py3-none-macosx_10_13_x86_64.whl", hash = "sha256:ff138c3a604f69911e9d42fd036e55c2a171e5616edf04c1e7f60a2a285540b0"},
    {file = "playwright-1.61.0-py3-none-macosx_11_0_arm64.whl", hash = "sha256:009588c2a7e499bc5a8b425b61fa65490968bbda9cd69e0cf2cff10f8304659a"},
    {file = "playwright-1.61.0-py3-none-macosx_11_0_universal2.whl", hash = "sha256:9f7de4536088d12037c13a52b7ea34b59270b78926bb56935070597ffac6b1af"},
    {file = "playwright-1.61.0-py3-none-manylinux1_x86_64.whl", hash = "sha256:54f3b39f6eab832e33458c1dd7da0b5682aedab3b09ae731b5c59fa12fd2024e"},
    {file = "playwright-1.61.0-py3-none-manylinux_2_17_aarch64.manylinux2014_aarch64.whl", hash = "sha256:93454322ade8c11d5d6c211bfd91bdfb9ffb4810e3e026371bcbc4bec1b7ee4c"},
    {file = "playwright-1.61.0-py3-none-win32.whl", hash = "sha256:372d55a6f1248fa1dd47599686980cb8fb5bbe6fcda59eab793eb657c11d8a9b"},
    {file = "playwright-1.61.0-py3-none-win_amd64.whl", hash = "sha256:35c6cc4589a5d00964a59d7b3e59641e0aac0c02f15479a7af77d20f6bc79597"},
    {file = "playwright-1.61.0-py3-none-win_arm64.whl", hash = "sha256:e9fcbffcf557a8620fdedd92491eb59a32d18e23d6f3b4f6214b952be324fe51"},
]

[[package]]
name = "pluggy"
version = "1.6.0"
requires_python = ">=3.9"
summary = "plugin and hook calling mechanisms for python"
groups = ["dev"]
marker = "python_version == \"3.14\""
files = [
    {file = "pluggy-1.6.0-py3-none-any.whl", hash = "sha256:e920276dd6813095e9377c0bc5566d94c932c33b27a3e3945d8389c374dd4746"},
    {file = "pluggy-1.6.0.tar.gz", hash = "sha256:7dcc130b76258d33b90f61b658791dede3486c3e6bfb003ee5c9bfb396dd22f3"},
]

[[package]]
name = "proxy-tools"
version = "0.1.0"
summary = "Proxy Implementation"
groups = ["default"]
marker = "python_version == \"3.14\""
files = [
    {file = "proxy_tools-0.1.0.tar.gz", hash = "sha256:ccb3751f529c047e2d8a58440d86b205303cf0fe8146f784d1cbcd94f0a28010"},
]

[[package]]
name = "pycparser"
version = "3.0"
requires_python = ">=3.10"
summary = "C parser in Python"
groups = ["default"]
marker = "implementation_name != \"PyPy\" and sys_platform == \"win32\" and python_version == \"3.14\""
files = [
    {file = "pycparser-3.0-py3-none-any.whl", hash = "sha256:b727414169a36b7d524c1c3e31839a521725078d7b2ff038656844266160a992"},
    {file = "pycparser-3.0.tar.gz", hash = "sha256:600f49d217304a5902ac3c37e1281c9fe94e4d0489de643a9504c5cdfdfc6b29"},
]

[[package]]
name = "pyee"
version = "13.0.1"
requires_python = ">=3.8"
summary = "A rough port of Node.js's EventEmitter to Python with a few tricks of its own"
groups = ["dev"]
marker = "python_version == \"3.14\""
dependencies = [
    "typing-extensions",
]
files = [
    {file = "pyee-13.0.1-py3-none-any.whl", hash = "sha256:af2f8fede4171ef667dfded53f96e2ed0d6e6bd7ee3bb46437f77e3b57689228"},
    {file = "pyee-13.0.1.tar.gz", hash = "sha256:0b931f7c14535667ed4c7e0d531716368715e860b988770fc7eb8578d1f67fc8"},
]

[[package]]
name = "pygments"
version = "2.20.0"
requires_python = ">=3.9"
summary = "Pygments is a syntax highlighting package written in Python."
groups = ["dev"]
marker = "python_version == \"3.14\""
files = [
    {file = "pygments-2.20.0-py3-none-any.whl", hash = "sha256:81a9e26dd42fd28a23a2d169d86d7ac03b46e2f8b59ed4698fb4785f946d0176"},
    {file = "pygments-2.20.0.tar.gz", hash = "sha256:6757cd03768053ff99f3039c1a36d6c0aa0b263438fcab17520b30a303a82b5f"},
]

[[package]]
name = "pyobjc-core"
version = "12.2.1"
requires_python = ">=3.10"
summary = "Python<->ObjC Interoperability Module"
groups = ["default"]
marker = "sys_platform == \"darwin\" and python_version == \"3.14\""
files = [
    {file = "pyobjc_core-12.2.1-cp314-cp314-macosx_10_15_universal2.whl", hash = "sha256:2b8fc0531c27277325e113ac00b8a72a82e6145f0a88175b9425d8de814ff69a"},
    {file = "pyobjc_core-12.2.1-cp314-cp314t-macosx_10_15_universal2.whl", hash = "sha256:9bef500f979e22d54f9da3aaebf6a48f873234b324858bd69256055a318955c7"},
    {file = "pyobjc_core-12.2.1.tar.gz", hash = "sha256:7a7b9b018402342cf32bf1956366896350fbe5c0478cb3ef59778f77abed7f07"},
]

[[package]]
name = "pyobjc-framework-cocoa"
version = "12.2.1"
requires_python = ">=3.10"
summary = "Wrappers for the Cocoa frameworks on macOS"
groups = ["default"]
marker = "sys_platform == \"darwin\" and python_version == \"3.14\""
dependencies = [
    "pyobjc-core>=12.2.1",
]
files = [
    {file = "pyobjc_framework_cocoa-12.2.1-cp314-cp314-macosx_10_15_universal2.whl", hash = "sha256:b386c324d64ae565c1f6b7dfb77be68f640a1c7c23caa6966ab661131f519561"},
    {file = "pyobjc_framework_cocoa-12.2.1-cp314-cp314t-macosx_10_15_universal2.whl", hash = "sha256:a6c584e2af0813cb2f6103b184e632665a26f58c1bd5b08ffd6e95a19c617f7b"},
    {file = "pyobjc_framework_cocoa-12.2.1.tar.gz", hash = "sha256:b94b37fe5730e5ae1fb0052912cd174e6ec329b0bfba4a012ae5db1014b5864b"},
]

[[package]]
name = "pyobjc-framework-quartz"
version = "12.2.1"
requires_python = ">=3.10"
summary = "Wrappers for the Quartz frameworks on macOS"
groups = ["default"]
marker = "sys_platform == \"darwin\" and python_version == \"3.14\""
dependencies = [
    "pyobjc-core>=12.2.1",
    "pyobjc-framework-Cocoa>=12.2.1",
]
files = [
    {file = "pyobjc_framework_quartz-12.2.1-cp314-cp314-macosx_10_15_universal2.whl", hash = "sha256:ceb56939c337b36d9d81185ade31f77dc52c85cf79bb16e53e9b32f54b6bb3f5"},
    {file = "pyobjc_framework_quartz-12.2.1-cp314-cp314t-macosx_10_15_universal2.whl", hash = "sha256:8105c98b798f2bf81c05c54bddeeadbf62f0b5dfec13bd6e719dd2cdf7e1cddf"},
    {file = "pyobjc_framework_quartz-12.2.1.tar.gz", hash = "sha256:b3b8b6f71e66147f8ff9e6213864cc8527e3a0b1ee90835b93ce221f4802d9b0"},
]

[[package]]
name = "pyobjc-framework-security"
version = "12.2.1"
requires_python = ">=3.10"
summary = "Wrappers for the framework Security on macOS"
groups = ["default"]
marker = "sys_platform == \"darwin\" and python_version == \"3.14\""
dependencies = [
    "pyobjc-core>=12.2.1",
    "pyobjc-framework-Cocoa>=12.2.1",
]
files = [
    {file = "pyobjc_framework_security-12.2.1-cp314-cp314-macosx_10_15_universal2.whl", hash = "sha256:5319ae49b8874363ab51c6ff4d85d4ea0cfa6d836fe0306e901ba9ae560b880d"},
    {file = "pyobjc_framework_security-12.2.1-cp314-cp314t-macosx_10_15_universal2.whl", hash = "sha256:21618431e0dbfbd3d4029445e3118af88e5d7e52ddecf9a2d17c759c51628d85"},
    {file = "pyobjc_framework_security-12.2.1.tar.gz", hash = "sha256:d7831b1537f4346892e7f2f0e2b09d79bee98919b0767f4061278d0e03028f2d"},
]

[[package]]
name = "pyobjc-framework-uniformtypeidentifiers"
version = "12.2.1"
requires_python = ">=3.10"
summary = "Wrappers for the framework UniformTypeIdentifiers on macOS"
groups = ["default"]
marker = "sys_platform == \"darwin\" and python_version == \"3.14\""
dependencies = [
    "pyobjc-core>=12.2.1",
    "pyobjc-framework-Cocoa>=12.2.1",
]
files = [
    {file = "pyobjc_framework_uniformtypeidentifiers-12.2.1-py2.py3-none-any.whl", hash = "sha256:ea08413ad895a7dfea13670e26548bcf5b00154084cdfb5d8f96603320e77cf3"},
    {file = "pyobjc_framework_uniformtypeidentifiers-12.2.1.tar.gz", hash = "sha256:1fb89d13aa3c2df8e6d6536f6df3493fe5a6caefd2a5adebf17c5af3b29ed4a2"},
]

[[package]]
name = "pyobjc-framework-webkit"
version = "12.2.1"
requires_python = ">=3.10"
summary = "Wrappers for the framework WebKit on macOS"
groups = ["default"]
marker = "sys_platform == \"darwin\" and python_version == \"3.14\""
dependencies = [
    "pyobjc-core>=12.2.1",
    "pyobjc-framework-Cocoa>=12.2.1",
]
files = [
    {file = "pyobjc_framework_webkit-12.2.1-cp314-cp314-macosx_10_15_universal2.whl", hash = "sha256:67030258c3cd66e8495ccfccef3d2d58010ff0209284c5115e5afdb0e9fd6de1"},
    {file = "pyobjc_framework_webkit-12.2.1-cp314-cp314t-macosx_10_15_universal2.whl", hash = "sha256:5d91527c9950c79269dd0d70f2bb8668c298dd06930637c1c063ce5f274a87e5"},
    {file = "pyobjc_framework_webkit-12.2.1.tar.gz", hash = "sha256:a56acae55b50d549b20dff2921ad1099add8fbc377d0de09ddc2ba50957f7def"},
]

[[package]]
name = "pytest"
version = "9.1.1"
requires_python = ">=3.10"
summary = "pytest: simple powerful testing with Python"
groups = ["dev"]
marker = "python_version == \"3.14\""
dependencies = [
    "colorama>=0.4; sys_platform == \"win32\"",
    "exceptiongroup>=1; python_version < \"3.11\"",
    "iniconfig>=1.0.1",
    "packaging>=22",
    "pluggy<2,>=1.5",
    "pygments>=2.7.2",
    "tomli>=1; python_version < \"3.11\"",
]
files = [
    {file = "pytest-9.1.1-py3-none-any.whl", hash = "sha256:37a86b45efb9a47a61a36449063e8e18d0cab3161329fc099eb21783169c4f0c"},
    {file = "pytest-9.1.1.tar.gz", hash = "sha256:1088fbde8f2b49d95a549a195707afa7a76a3ce9bcadc26b6d71f0ffda5fe313"},
]

[[package]]
name = "pytest-base-url"
version = "2.1.0"
requires_python = ">=3.8"
summary = "pytest plugin for URL based testing"
groups = ["dev"]
marker = "python_version == \"3.14\""
dependencies = [
    "pytest>=7.0.0",
    "requests>=2.9",
]
files = [
    {file = "pytest_base_url-2.1.0-py3-none-any.whl", hash = "sha256:3ad15611778764d451927b2a53240c1a7a591b521ea44cebfe45849d2d2812e6"},
    {file = "pytest_base_url-2.1.0.tar.gz", hash = "sha256:02748589a54f9e63fcbe62301d6b0496da0d10231b753e950c63e03aee745d45"},
]

[[package]]
name = "pytest-playwright"
version = "0.8.0"
requires_python = ">=3.10"
summary = "A pytest wrapper with fixtures for Playwright to automate web browsers"
groups = ["dev"]
marker = "python_version == \"3.14\""
dependencies = [
    "playwright>=1.18",
    "pytest-base-url<3.0.0,>=1.0.0",
    "pytest<10.0.0,>=6.2.4",
    "python-slugify<9.0.0,>=6.0.0",
]
files = [
    {file = "pytest_playwright-0.8.0-py3-none-any.whl", hash = "sha256:856aae6efd4bc055f2ef229c647768760bcaad5cd3a5983c314ac260a974a933"},
    {file = "pytest_playwright-0.8.0.tar.gz", hash = "sha256:7888d4a2443160c82e0c506c437076679f86b36d1910427250d90fbf1843a981"},
]

[[package]]
name = "python-slugify"
version = "8.0.4"
requires_python = ">=3.7"
summary = "A Python slugify application that also handles Unicode"
groups = ["dev"]
marker = "python_version == \"3.14\""
dependencies = [
    "text-unidecode>=1.3",
]
files = [
    {file = "python-slugify-8.0.4.tar.gz", hash = "sha256:59202371d1d05b54a9e7720c5e038f928f45daaffe41dd10822f3907b937c856"},
    {file = "python_slugify-8.0.4-py2.py3-none-any.whl", hash = "sha256:276540b79961052b66b7d116620b36518847f52d5fd9e3a70164fc8c50faa6b8"},
]

[[package]]
name = "pythonnet"
version = "3.1.0"
requires_python = "<3.15,>=3.10"
summary = ".NET and Mono integration for Python"
groups = ["default"]
marker = "sys_platform == \"win32\" and python_version == \"3.14\""
dependencies = [
    "clr-loader<0.4.0,>=0.3.1",
]
files = [
    {file = "pythonnet-3.1.0-cp310.cp311.cp312.cp313.cp314-none-any.whl", hash = "sha256:698dd88edc198819ad63b624a6ebe76208c7b46e4fe13626f65e484f0358d6ba"},
    {file = "pythonnet-3.1.0-cp310.cp311.cp312.cp313.cp314-none-win32.win_amd64.whl", hash = "sha256:7bdd4de03df3547a48122a3989265c8b31d5be0d19dadffa009eec7df8085e0b"},
    {file = "pythonnet-3.1.0.tar.gz", hash = "sha256:7b34c382905d10a371509ffafd64cae0416305c28817738a9cd138336f4e9991"},
]

[[package]]
name = "pywebview"
version = "6.2.1"
requires_python = ">=3.8"
summary = "Build GUI for your Python program with JavaScript, HTML, and CSS"
groups = ["default"]
marker = "python_version == \"3.14\""
dependencies = [
    "QtPy; sys_platform == \"openbsd6\"",
    "bottle",
    "importlib-resources; python_version < \"3.9\"",
    "proxy-tools",
    "pyobjc-core>=9.0; sys_platform == \"darwin\"",
    "pyobjc-framework-Cocoa>=9.0; sys_platform == \"darwin\"",
    "pyobjc-framework-Quartz>=9.0; sys_platform == \"darwin\"",
    "pyobjc-framework-UniformTypeIdentifiers>=9.0; sys_platform == \"darwin\"",
    "pyobjc-framework-WebKit>=9.0; sys_platform == \"darwin\"",
    "pyobjc-framework-security>=9.0; sys_platform == \"darwin\"",
    "pythonnet; sys_platform == \"win32\"",
    "typing-extensions",
]
files = [
    {file = "pywebview-6.2.1-py3-none-any.whl", hash = "sha256:9d07275f53894ab4d5e2e0e996227193e7187dec276d9b624dccbce029216b46"},
    {file = "pywebview-6.2.1.tar.gz", hash = "sha256:71b7136752e40824655304d938efb62014218d1a90bd8e87e1cbdb1ce9c466af"},
]

[[package]]
name = "qtpy"
version = "2.4.3"
requires_python = ">=3.7"
summary = "Provides an abstraction layer on top of the various Qt bindings (PyQt5/6 and PySide2/6)."
groups = ["default"]
marker = "sys_platform == \"openbsd6\" and python_version == \"3.14\""
dependencies = [
    "packaging",
]
files = [
    {file = "QtPy-2.4.3-py3-none-any.whl", hash = "sha256:72095afe13673e017946cc258b8d5da43314197b741ed2890e563cf384b51aa1"},
    {file = "qtpy-2.4.3.tar.gz", hash = "sha256:db744f7832e6d3da90568ba6ccbca3ee2b3b4a890c3d6fbbc63142f6e4cdf5bb"},
]

[[package]]
name = "requests"
version = "2.34.2"
requires_python = ">=3.10"
summary = "Python HTTP for Humans."
groups = ["dev"]
marker = "python_version == \"3.14\""
dependencies = [
    "certifi>=2023.5.7",
    "charset-normalizer<4,>=2",
    "idna<4,>=2.5",
    "urllib3<3,>=1.26",
]
files = [
    {file = "requests-2.34.2-py3-none-any.whl", hash = "sha256:2a0d60c172f83ac6ab31e4554906c0f3b3588d37b5cb939b1c061f4907e278e0"},
    {file = "requests-2.34.2.tar.gz", hash = "sha256:f288924cae4e29463698d6d60bc6a4da69c89185ad1e0bcc4104f584e960b9ed"},
]

[[package]]
name = "ruff"
version = "0.15.19"
requires_python = ">=3.7"
summary = "An extremely fast Python linter and code formatter, written in Rust."
groups = ["dev"]
marker = "python_version == \"3.14\""
files = [
    {file = "ruff-0.15.19-py3-none-linux_armv6l.whl", hash = "sha256:922d1eb283161564759bd49f507e91dc6112c15da8bd5b84ed714e086243cf86"},
    {file = "ruff-0.15.19-py3-none-macosx_10_12_x86_64.whl", hash = "sha256:4d190d8f62a0b94aba8f721116538a9ee29b1e74d26650846ba9b99f0ae21c40"},
    {file = "ruff-0.15.19-py3-none-macosx_11_0_arm64.whl", hash = "sha256:5a2c86ba6870dd415a9d9eb8be94d7924ebec6a26ffc7958ec7ca29d4bff967d"},
    {file = "ruff-0.15.19-py3-none-manylinux_2_17_aarch64.manylinux2014_aarch64.whl", hash = "sha256:82b432bc087264aea70fd25ac198918b70bd9e2aa0db4297b0bb91bbfbbc63ce"},
    {file = "ruff-0.15.19-py3-none-manylinux_2_17_armv7l.manylinux2014_armv7l.whl", hash = "sha256:8530a09d03b3a8c994f8b559a7dcdabc690bcd3f78ef276c38c83166798ebf56"},
    {file = "ruff-0.15.19-py3-none-manylinux_2_17_i686.manylinux2014_i686.whl", hash = "sha256:87bf21fb3875fe69f0eacc825411657e2e85589cce633c35c0adf1113649c62b"},
    {file = "ruff-0.15.19-py3-none-manylinux_2_17_ppc64le.manylinux2014_ppc64le.whl", hash = "sha256:f9b229cb3ef56ecc2c1c8ebeca64b7a7740ccaef40a9eb097e78dde5a8560b83"},
    {file = "ruff-0.15.19-py3-none-manylinux_2_17_s390x.manylinux2014_s390x.whl", hash = "sha256:c6c754515be7b76afe6e7e62df7776709571bcfc1631183828afcf3bafa869e3"},
    {file = "ruff-0.15.19-py3-none-manylinux_2_17_x86_64.manylinux2014_x86_64.whl", hash = "sha256:6a498f82e0f4d8904c4e0aea5139cdfac1f39d19a3c51d491292f63a36e83b2e"},
    {file = "ruff-0.15.19-py3-none-manylinux_2_31_riscv64.whl", hash = "sha256:d48caa34488fb521fd0ef4aea2b0e8fe758298df044138f0d67b687a6a0d07ed"},
    {file = "ruff-0.15.19-py3-none-musllinux_1_2_aarch64.whl", hash = "sha256:4171b6613effa9363cd46dd4f75bd1827b6d1b946b5e278ed0c600d305379445"},
    {file = "ruff-0.15.19-py3-none-musllinux_1_2_armv7l.whl", hash = "sha256:27c15b2a241dd4d995557949a094fe78b8ad99122a38ccae1595849bcc947b3f"},
    {file = "ruff-0.15.19-py3-none-musllinux_1_2_i686.whl", hash = "sha256:ed03b7862d68f0a8771d50ee129980cbf1b113f96e250b73954bc292f689e0bb"},
    {file = "ruff-0.15.19-py3-none-musllinux_1_2_x86_64.whl", hash = "sha256:08143f0685ae278b30727ea72e90c61e5bd9c31b91aac4f5bb989538f73d24b8"},
    {file = "ruff-0.15.19-py3-none-win32.whl", hash = "sha256:8f47f0f92952af2557212bb10cf3e695cd4cf28b2c6e42cdb18ec6c9ebfa19da"},
    {file = "ruff-0.15.19-py3-none-win_amd64.whl", hash = "sha256:efeca47ee3f9d4a7162655a3b8e6ee4a878646044233978d4d2c1ff8cdd914f0"},
    {file = "ruff-0.15.19-py3-none-win_arm64.whl", hash = "sha256:6c6b607466e47349332eb1d9be52fb1467423fc07c217341af41cd0f3f0573be"},
    {file = "ruff-0.15.19.tar.gz", hash = "sha256:edc27f7172a93b32b102687009d6a588508815072141543ae603a8b9b0823063"},
]

[[package]]
name = "text-unidecode"
version = "1.3"
summary = "The most basic Text::Unidecode port"
groups = ["dev"]
marker = "python_version == \"3.14\""
files = [
    {file = "text-unidecode-1.3.tar.gz", hash = "sha256:bad6603bb14d279193107714b288be206cac565dfa49aa5b105294dd5c4aab93"},
    {file = "text_unidecode-1.3-py2.py3-none-any.whl", hash = "sha256:1311f10e8b895935241623731c2ba64f4c455287888b18189350b67134a822e8"},
]

[[package]]
name = "typing-extensions"
version = "4.15.0"
requires_python = ">=3.9"
summary = "Backported and Experimental Type Hints for Python 3.9+"
groups = ["default", "dev"]
marker = "python_version == \"3.14\""
files = [
    {file = "typing_extensions-4.15.0-py3-none-any.whl", hash = "sha256:f0fa19c6845758ab08074a0cfa8b7aecb71c999ca73d62883bc25cc018c4e548"},
    {file = "typing_extensions-4.15.0.tar.gz", hash = "sha256:0cea48d173cc12fa28ecabc3b837ea3cf6f38c6d1136f85cbaaf598984861466"},
]

[[package]]
name = "urllib3"
version = "2.7.0"
requires_python = ">=3.10"
summary = "HTTP library with thread-safe connection pooling, file post, and more."
groups = ["dev"]
marker = "python_version == \"3.14\""
files = [
    {file = "urllib3-2.7.0-py3-none-any.whl", hash = "sha256:9fb4c81ebbb1ce9531cce37674bbc6f1360472bc18ca9a553ede278ef7276897"},
    {file = "urllib3-2.7.0.tar.gz", hash = "sha256:231e0ec3b63ceb14667c67be60f2f2c40a518cb38b03af60abc813da26505f4c"},
]
